// !$*UTF8*$!
{
	archiveVersion = 1;
	classes = {
	};
	objectVersion = 77;
	objects = {

/* Begin PBXBuildFile section */
		B10000000000000000000003 /* AppForgeWidgets.appex in Embed Foundation Extensions */ = {isa = PBXBuildFile; fileRef = B10000000000000000000002 /* AppForgeWidgets.appex */; settings = {ATTRIBUTES = (RemoveHeadersOnCopy, ); }; };
		B100000000000000000000C20 /* AppForgeWatch.app in Embed Watch Content */ = {isa = PBXBuildFile; fileRef = B100000000000000000000C01 /* AppForgeWatch.app */; settings = {ATTRIBUTES = (RemoveHeadersOnCopy, ); }; };
		B100000000000000000000C21 /* AppForgeWatchWidgets.appex in Embed Foundation Extensions */ = {isa = PBXBuildFile; fileRef = B100000000000000000000C02 /* AppForgeWatchWidgets.appex */; settings = {ATTRIBUTES = (RemoveHeadersOnCopy, ); }; };
/* End PBXBuildFile section */

/* Begin PBXContainerItemProxy section */
		B10000000000000000000090 /* PBXContainerItemProxy */ = {
			isa = PBXContainerItemProxy;
			containerPortal = B10000000000000000000050 /* Project object */;
			proxyType = 1;
			remoteGlobalIDString = B10000000000000000000045;
			remoteInfo = AppForgeWidgets;
		};
		B100000000000000000000C40 /* PBXContainerItemProxy */ = {
			isa = PBXContainerItemProxy;
			containerPortal = B10000000000000000000050 /* Project object */;
			proxyType = 1;
			remoteGlobalIDString = B100000000000000000000C60;
			remoteInfo = AppForgeWatch;
		};
		B100000000000000000000C42 /* PBXContainerItemProxy */ = {
			isa = PBXContainerItemProxy;
			containerPortal = B10000000000000000000050 /* Project object */;
			proxyType = 1;
			remoteGlobalIDString = B100000000000000000000C61;
			remoteInfo = AppForgeWatchWidgets;
		};
/* End PBXContainerItemProxy section */

/* Begin PBXCopyFilesBuildPhase section */
		B10000000000000000000043 /* Embed Foundation Extensions */ = {
			isa = PBXCopyFilesBuildPhase;
			buildActionMask = 2147483647;
			dstPath = "";
			dstSubfolderSpec = 13;
			files = (
				B10000000000000000000003 /* AppForgeWidgets.appex in Embed Foundation Extensions */,
			);
			name = "Embed Foundation Extensions";
			runOnlyForDeploymentPostprocessing = 0;
		};
		B100000000000000000000C30 /* Embed Watch Content */ = {
			isa = PBXCopyFilesBuildPhase;
			buildActionMask = 2147483647;
			dstPath = "$(CONTENTS_FOLDER_PATH)/Watch";
			dstSubfolderSpec = 16;
			files = (
				B100000000000000000000C20 /* AppForgeWatch.app in Embed Watch Content */,
			);
			name = "Embed Watch Content";
			runOnlyForDeploymentPostprocessing = 0;
		};
		B100000000000000000000C31 /* Embed Foundation Extensions */ = {
			isa = PBXCopyFilesBuildPhase;
			buildActionMask = 2147483647;
			dstPath = "";
			dstSubfolderSpec = 13;
			files = (
				B100000000000000000000C21 /* AppForgeWatchWidgets.appex in Embed Foundation Extensions */,
			);
			name = "Embed Foundation Extensions";
			runOnlyForDeploymentPostprocessing = 0;
		};
/* End PBXCopyFilesBuildPhase section */

/* Begin PBXFileReference section */
		B10000000000000000000001 /* AppForgeCompanion.app */ = {isa = PBXFileReference; explicitFileType = wrapper.application; includeInIndex = 0; path = AppForgeCompanion.app; sourceTree = BUILT_PRODUCTS_DIR; };
		B10000000000000000000002 /* AppForgeWidgets.appex */ = {isa = PBXFileReference; explicitFileType = "wrapper.app-extension"; includeInIndex = 0; path = AppForgeWidgets.appex; sourceTree = BUILT_PRODUCTS_DIR; };
		B10000000000000000000004 /* Companion-Info.plist */ = {isa = PBXFileReference; lastKnownFileType = text.plist.xml; path = "Companion-Info.plist"; sourceTree = "<group>"; };
		B10000000000000000000005 /* Widgets-Info.plist */ = {isa = PBXFileReference; lastKnownFileType = text.plist.xml; path = "Widgets-Info.plist"; sourceTree = "<group>"; };
		B10000000000000000000006 /* AppForgeCompanion.entitlements */ = {isa = PBXFileReference; lastKnownFileType = text.plist.entitlements; path = AppForgeCompanion.entitlements; sourceTree = "<group>"; };
		B10000000000000000000007 /* AppForgeWidgets.entitlements */ = {isa = PBXFileReference; lastKnownFileType = text.plist.entitlements; path = AppForgeWidgets.entitlements; sourceTree = "<group>"; };
		B100000000000000000000C01 /* AppForgeWatch.app */ = {isa = PBXFileReference; explicitFileType = wrapper.application; includeInIndex = 0; path = AppForgeWatch.app; sourceTree = BUILT_PRODUCTS_DIR; };
		B100000000000000000000C02 /* AppForgeWatchWidgets.appex */ = {isa = PBXFileReference; explicitFileType = "wrapper.app-extension"; includeInIndex = 0; path = AppForgeWatchWidgets.appex; sourceTree = BUILT_PRODUCTS_DIR; };
		B100000000000000000000C03 /* WatchWidgets-Info.plist */ = {isa = PBXFileReference; lastKnownFileType = text.plist.xml; path = "WatchWidgets-Info.plist"; sourceTree = "<group>"; };
		B100000000000000000000C04 /* AppForgeWatch.entitlements */ = {isa = PBXFileReference; lastKnownFileType = text.plist.entitlements; path = AppForgeWatch.entitlements; sourceTree = "<group>"; };
		B100000000000000000000C05 /* AppForgeWatchWidgets.entitlements */ = {isa = PBXFileReference; lastKnownFileType = text.plist.entitlements; path = AppForgeWatchWidgets.entitlements; sourceTree = "<group>"; };
/* End PBXFileReference section */

/* Begin PBXFileSystemSynchronizedRootGroup section */
		B10000000000000000000010 /* App */ = {
			isa = PBXFileSystemSynchronizedRootGroup;
			path = App;
			sourceTree = "<group>";
		};
		B10000000000000000000011 /* Common */ = {
			isa = PBXFileSystemSynchronizedRootGroup;
			path = Common;
			sourceTree = "<group>";
		};
		B10000000000000000000012 /* Widgets */ = {
			isa = PBXFileSystemSynchronizedRootGroup;
			path = Widgets;
			sourceTree = "<group>";
		};
		B10000000000000000000013 /* Shared */ = {
			isa = PBXFileSystemSynchronizedRootGroup;
			name = Shared;
			path = ../Shared;
			sourceTree = "<group>";
		};
		B100000000000000000000C10 /* Watch */ = {
			isa = PBXFileSystemSynchronizedRootGroup;
			path = Watch;
			sourceTree = "<group>";
		};
		B100000000000000000000C11 /* WatchWidgets */ = {
			isa = PBXFileSystemSynchronizedRootGroup;
			path = WatchWidgets;
			sourceTree = "<group>";
		};
		B100000000000000000000C12 /* WatchShared */ = {
			isa = PBXFileSystemSynchronizedRootGroup;
			path = WatchShared;
			sourceTree = "<group>";
		};
/* End PBXFileSystemSynchronizedRootGroup section */

/* Begin PBXFrameworksBuildPhase section */
		B10000000000000000000020 /* Frameworks */ = {
			isa = PBXFrameworksBuildPhase;
			buildActionMask = 2147483647;
			files = (
			);
			runOnlyForDeploymentPostprocessing = 0;
		};
		B10000000000000000000021 /* Frameworks */ = {
			isa = PBXFrameworksBuildPhase;
			buildActionMask = 2147483647;
			files = (
			);
			runOnlyForDeploymentPostprocessing = 0;
		};
		B100000000000000000000C50 /* Frameworks */ = {
			isa = PBXFrameworksBuildPhase;
			buildActionMask = 2147483647;
			files = (
			);
			runOnlyForDeploymentPostprocessing = 0;
		};
		B100000000000000000000C51 /* Frameworks */ = {
			isa = PBXFrameworksBuildPhase;
			buildActionMask = 2147483647;
			files = (
			);
			runOnlyForDeploymentPostprocessing = 0;
		};
/* End PBXFrameworksBuildPhase section */

/* Begin PBXGroup section */
		B10000000000000000000030 = {
			isa = PBXGroup;
			children = (
				B10000000000000000000004 /* Companion-Info.plist */,
				B10000000000000000000005 /* Widgets-Info.plist */,
				B10000000000000000000006 /* AppForgeCompanion.entitlements */,
				B10000000000000000000007 /* AppForgeWidgets.entitlements */,
				B100000000000000000000C03 /* WatchWidgets-Info.plist */,
				B100000000000000000000C04 /* AppForgeWatch.entitlements */,
				B100000000000000000000C05 /* AppForgeWatchWidgets.entitlements */,
				B10000000000000000000010 /* App */,
				B10000000000000000000011 /* Common */,
				B10000000000000000000012 /* Widgets */,
				B10000000000000000000013 /* Shared */,
				B100000000000000000000C10 /* Watch */,
				B100000000000000000000C11 /* WatchWidgets */,
				B100000000000000000000C12 /* WatchShared */,
				B10000000000000000000031 /* Products */,
			);
			sourceTree = "<group>";
		};
		B10000000000000000000031 /* Products */ = {
			isa = PBXGroup;
			children = (
				B10000000000000000000001 /* AppForgeCompanion.app */,
				B10000000000000000000002 /* AppForgeWidgets.appex */,
				B100000000000000000000C01 /* AppForgeWatch.app */,
				B100000000000000000000C02 /* AppForgeWatchWidgets.appex */,
			);
			name = Products;
			sourceTree = "<group>";
		};
/* End PBXGroup section */

/* Begin PBXNativeTarget section */
		B10000000000000000000040 /* AppForgeCompanion */ = {
			isa = PBXNativeTarget;
			buildConfigurationList = B10000000000000000000070 /* Build configuration list for PBXNativeTarget "AppForgeCompanion" */;
			buildPhases = (
				B10000000000000000000041 /* Sources */,
				B10000000000000000000020 /* Frameworks */,
				B10000000000000000000042 /* Resources */,
				B10000000000000000000043 /* Embed Foundation Extensions */,
				B100000000000000000000C30 /* Embed Watch Content */,
			);
			buildRules = (
			);
			dependencies = (
				B10000000000000000000091 /* PBXTargetDependency */,
				B100000000000000000000C41 /* PBXTargetDependency */,
			);
			fileSystemSynchronizedGroups = (
				B10000000000000000000010 /* App */,
				B10000000000000000000011 /* Common */,
				B10000000000000000000013 /* Shared */,
				B100000000000000000000C12 /* WatchShared */,
			);
			name = AppForgeCompanion;
			productName = AppForgeCompanion;
			productReference = B10000000000000000000001 /* AppForgeCompanion.app */;
			productType = "com.apple.product-type.application";
		};
		B10000000000000000000045 /* AppForgeWidgets */ = {
			isa = PBXNativeTarget;
			buildConfigurationList = B10000000000000000000080 /* Build configuration list for PBXNativeTarget "AppForgeWidgets" */;
			buildPhases = (
				B10000000000000000000046 /* Sources */,
				B10000000000000000000021 /* Frameworks */,
				B10000000000000000000047 /* Resources */,
			);
			buildRules = (
			);
			dependencies = (
			);
			fileSystemSynchronizedGroups = (
				B10000000000000000000012 /* Widgets */,
				B10000000000000000000011 /* Common */,
				B10000000000000000000013 /* Shared */,
			);
			name = AppForgeWidgets;
			productName = AppForgeWidgets;
			productReference = B10000000000000000000002 /* AppForgeWidgets.appex */;
			productType = "com.apple.product-type.app-extension";
		};
		B100000000000000000000C60 /* AppForgeWatch */ = {
			isa = PBXNativeTarget;
			buildConfigurationList = B100000000000000000000C70 /* Build configuration list for PBXNativeTarget "AppForgeWatch" */;
			buildPhases = (
				B100000000000000000000C52 /* Sources */,
				B100000000000000000000C50 /* Frameworks */,
				B100000000000000000000C54 /* Resources */,
				B100000000000000000000C31 /* Embed Foundation Extensions */,
			);
			buildRules = (
			);
			dependencies = (
				B100000000000000000000C43 /* PBXTargetDependency */,
			);
			fileSystemSynchronizedGroups = (
				B100000000000000000000C10 /* Watch */,
				B100000000000000000000C12 /* WatchShared */,
			);
			name = AppForgeWatch;
			productName = AppForgeWatch;
			productReference = B100000000000000000000C01 /* AppForgeWatch.app */;
			productType = "com.apple.product-type.application";
		};
		B100000000000000000000C61 /* AppForgeWatchWidgets */ = {
			isa = PBXNativeTarget;
			buildConfigurationList = B100000000000000000000C80 /* Build configuration list for PBXNativeTarget "AppForgeWatchWidgets" */;
			buildPhases = (
				B100000000000000000000C53 /* Sources */,
				B100000000000000000000C51 /* Frameworks */,
				B100000000000000000000C55 /* Resources */,
			);
			buildRules = (
			);
			dependencies = (
			);
			fileSystemSynchronizedGroups = (
				B100000000000000000000C11 /* WatchWidgets */,
				B100000000000000000000C12 /* WatchShared */,
			);
			name = AppForgeWatchWidgets;
			productName = AppForgeWatchWidgets;
			productReference = B100000000000000000000C02 /* AppForgeWatchWidgets.appex */;
			productType = "com.apple.product-type.app-extension";
		};
/* End PBXNativeTarget section */

/* Begin PBXProject section */
		B10000000000000000000050 /* Project object */ = {
			isa = PBXProject;
			attributes = {
				BuildIndependentTargetsInParallel = 1;
				LastSwiftUpdateCheck = 2700;
				LastUpgradeCheck = 2700;
				TargetAttributes = {
					B10000000000000000000040 = {
						CreatedOnToolsVersion = 27.0;
					};
					B10000000000000000000045 = {
						CreatedOnToolsVersion = 27.0;
					};
					B100000000000000000000C60 = {
						CreatedOnToolsVersion = 27.0;
					};
					B100000000000000000000C61 = {
						CreatedOnToolsVersion = 27.0;
					};
				};
			};
			buildConfigurationList = B10000000000000000000060 /* Build configuration list for PBXProject "AppForgeCompanion" */;
			developmentRegion = de;
			hasScannedForEncodings = 0;
			knownRegions = (
				de,
				en,
				Base,
			);
			mainGroup = B10000000000000000000030;
			minimizedProjectReferenceProxies = 1;
			preferredProjectObjectVersion = 77;
			productRefGroup = B10000000000000000000031 /* Products */;
			projectDirPath = "";
			projectRoot = "";
			targets = (
				B10000000000000000000040 /* AppForgeCompanion */,
				B10000000000000000000045 /* AppForgeWidgets */,
				B100000000000000000000C60 /* AppForgeWatch */,
				B100000000000000000000C61 /* AppForgeWatchWidgets */,
			);
		};
/* End PBXProject section */

/* Begin PBXResourcesBuildPhase section */
		B10000000000000000000042 /* Resources */ = {
			isa = PBXResourcesBuildPhase;
			buildActionMask = 2147483647;
			files = (
			);
			runOnlyForDeploymentPostprocessing = 0;
		};
		B10000000000000000000047 /* Resources */ = {
			isa = PBXResourcesBuildPhase;
			buildActionMask = 2147483647;
			files = (
			);
			runOnlyForDeploymentPostprocessing = 0;
		};
		B100000000000000000000C54 /* Resources */ = {
			isa = PBXResourcesBuildPhase;
			buildActionMask = 2147483647;
			files = (
			);
			runOnlyForDeploymentPostprocessing = 0;
		};
		B100000000000000000000C55 /* Resources */ = {
			isa = PBXResourcesBuildPhase;
			buildActionMask = 2147483647;
			files = (
			);
			runOnlyForDeploymentPostprocessing = 0;
		};
/* End PBXResourcesBuildPhase section */

/* Begin PBXSourcesBuildPhase section */
		B10000000000000000000041 /* Sources */ = {
			isa = PBXSourcesBuildPhase;
			buildActionMask = 2147483647;
			files = (
			);
			runOnlyForDeploymentPostprocessing = 0;
		};
		B10000000000000000000046 /* Sources */ = {
			isa = PBXSourcesBuildPhase;
			buildActionMask = 2147483647;
			files = (
			);
			runOnlyForDeploymentPostprocessing = 0;
		};
		B100000000000000000000C52 /* Sources */ = {
			isa = PBXSourcesBuildPhase;
			buildActionMask = 2147483647;
			files = (
			);
			runOnlyForDeploymentPostprocessing = 0;
		};
		B100000000000000000000C53 /* Sources */ = {
			isa = PBXSourcesBuildPhase;
			buildActionMask = 2147483647;
			files = (
			);
			runOnlyForDeploymentPostprocessing = 0;
		};
/* End PBXSourcesBuildPhase section */

/* Begin PBXTargetDependency section */
		B10000000000000000000091 /* PBXTargetDependency */ = {
			isa = PBXTargetDependency;
			target = B10000000000000000000045 /* AppForgeWidgets */;
			targetProxy = B10000000000000000000090 /* PBXContainerItemProxy */;
		};
		B100000000000000000000C41 /* PBXTargetDependency */ = {
			isa = PBXTargetDependency;
			target = B100000000000000000000C60 /* AppForgeWatch */;
			targetProxy = B100000000000000000000C40 /* PBXContainerItemProxy */;
		};
		B100000000000000000000C43 /* PBXTargetDependency */ = {
			isa = PBXTargetDependency;
			target = B100000000000000000000C61 /* AppForgeWatchWidgets */;
			targetProxy = B100000000000000000000C42 /* PBXContainerItemProxy */;
		};
/* End PBXTargetDependency section */

/* Begin XCBuildConfiguration section */
		B10000000000000000000061 /* Debug */ = {
			isa = XCBuildConfiguration;
			buildSettings = {
				ALWAYS_SEARCH_USER_PATHS = NO;
				CLANG_ENABLE_MODULES = YES;
				CLANG_ENABLE_OBJC_ARC = YES;
				COPY_PHASE_STRIP = NO;
				DEBUG_INFORMATION_FORMAT = dwarf;
				ENABLE_STRICT_OBJC_MSGSEND = YES;
				ENABLE_TESTABILITY = YES;
				ENABLE_USER_SCRIPT_SANDBOXING = YES;
				GCC_DYNAMIC_NO_PIC = NO;
				GCC_OPTIMIZATION_LEVEL = 0;
				GCC_PREPROCESSOR_DEFINITIONS = (
					"DEBUG=1",
					"$(inherited)",
				);
				IPHONEOS_DEPLOYMENT_TARGET = 18.0;
				MTL_ENABLE_DEBUG_INFO = INCLUDE_SOURCE;
				ONLY_ACTIVE_ARCH = YES;
				SDKROOT = iphoneos;
				SWIFT_ACTIVE_COMPILATION_CONDITIONS = "DEBUG $(inherited)";
				SWIFT_OPTIMIZATION_LEVEL = "-Onone";
			};
			name = Debug;
		};
		B10000000000000000000062 /* Release */ = {
			isa = XCBuildConfiguration;
			buildSettings = {
				ALWAYS_SEARCH_USER_PATHS = NO;
				CLANG_ENABLE_MODULES = YES;
				CLANG_ENABLE_OBJC_ARC = YES;
				COPY_PHASE_STRIP = NO;
				DEBUG_INFORMATION_FORMAT = "dwarf-with-dsym";
				ENABLE_NS_ASSERTIONS = NO;
				ENABLE_STRICT_OBJC_MSGSEND = YES;
				ENABLE_USER_SCRIPT_SANDBOXING = YES;
				IPHONEOS_DEPLOYMENT_TARGET = 18.0;
				MTL_ENABLE_DEBUG_INFO = NO;
				SDKROOT = iphoneos;
				SWIFT_COMPILATION_MODE = wholemodule;
				VALIDATE_PRODUCT = YES;
			};
			name = Release;
		};
		B10000000000000000000071 /* Debug */ = {
			isa = XCBuildConfiguration;
			buildSettings = {
				ASSETCATALOG_COMPILER_APPICON_NAME = AppIcon;
				ASSETCATALOG_COMPILER_GLOBAL_ACCENT_COLOR_NAME = AccentColor;
				CODE_SIGN_ENTITLEMENTS = AppForgeCompanion.entitlements;
				CODE_SIGN_STYLE = Automatic;
				CURRENT_PROJECT_VERSION = 1;
				DEVELOPMENT_TEAM = KBARKL93BR;
				ENABLE_PREVIEWS = YES;
				GENERATE_INFOPLIST_FILE = YES;
				INFOPLIST_FILE = "Companion-Info.plist";
				INFOPLIST_KEY_CFBundleDisplayName = AppForge;
				INFOPLIST_KEY_LSApplicationCategoryType = "public.app-category.developer-tools";
				INFOPLIST_KEY_UIApplicationSceneManifest_Generation = YES;
				INFOPLIST_KEY_UIApplicationSupportsIndirectInputEvents = YES;
				INFOPLIST_KEY_UILaunchScreen_Generation = YES;
				INFOPLIST_KEY_UISupportedInterfaceOrientations_iPhone = UIInterfaceOrientationPortrait;
				INFOPLIST_KEY_UIUserInterfaceStyle = Dark;
				IPHONEOS_DEPLOYMENT_TARGET = 18.0;
				LD_RUNPATH_SEARCH_PATHS = (
					"$(inherited)",
					"@executable_path/Frameworks",
				);
				MARKETING_VERSION = 0.1;
				PRODUCT_BUNDLE_IDENTIFIER = com.captureworks.AppForge.Companion;
				PRODUCT_NAME = "$(TARGET_NAME)";
				SUPPORTED_PLATFORMS = "iphoneos iphonesimulator";
				SUPPORTS_MACCATALYST = NO;
				SWIFT_APPROACHABLE_CONCURRENCY = YES;
				SWIFT_EMIT_LOC_STRINGS = YES;
				SWIFT_VERSION = 6.0;
				TARGETED_DEVICE_FAMILY = 1;
			};
			name = Debug;
		};
		B10000000000000000000072 /* Release */ = {
			isa = XCBuildConfiguration;
			buildSettings = {
				ASSETCATALOG_COMPILER_APPICON_NAME = AppIcon;
				ASSETCATALOG_COMPILER_GLOBAL_ACCENT_COLOR_NAME = AccentColor;
				CODE_SIGN_ENTITLEMENTS = AppForgeCompanion.entitlements;
				CODE_SIGN_STYLE = Automatic;
				CURRENT_PROJECT_VERSION = 1;
				DEVELOPMENT_TEAM = KBARKL93BR;
				ENABLE_PREVIEWS = YES;
				GENERATE_INFOPLIST_FILE = YES;
				INFOPLIST_FILE = "Companion-Info.plist";
				INFOPLIST_KEY_CFBundleDisplayName = AppForge;
				INFOPLIST_KEY_LSApplicationCategoryType = "public.app-category.developer-tools";
				INFOPLIST_KEY_UIApplicationSceneManifest_Generation = YES;
				INFOPLIST_KEY_UIApplicationSupportsIndirectInputEvents = YES;
				INFOPLIST_KEY_UILaunchScreen_Generation = YES;
				INFOPLIST_KEY_UISupportedInterfaceOrientations_iPhone = UIInterfaceOrientationPortrait;
				INFOPLIST_KEY_UIUserInterfaceStyle = Dark;
				IPHONEOS_DEPLOYMENT_TARGET = 18.0;
				LD_RUNPATH_SEARCH_PATHS = (
					"$(inherited)",
					"@executable_path/Frameworks",
				);
				MARKETING_VERSION = 0.1;
				PRODUCT_BUNDLE_IDENTIFIER = com.captureworks.AppForge.Companion;
				PRODUCT_NAME = "$(TARGET_NAME)";
				SUPPORTED_PLATFORMS = "iphoneos iphonesimulator";
				SUPPORTS_MACCATALYST = NO;
				SWIFT_APPROACHABLE_CONCURRENCY = YES;
				SWIFT_EMIT_LOC_STRINGS = YES;
				SWIFT_VERSION = 6.0;
				TARGETED_DEVICE_FAMILY = 1;
			};
			name = Release;
		};
		B10000000000000000000081 /* Debug */ = {
			isa = XCBuildConfiguration;
			buildSettings = {
				CODE_SIGN_ENTITLEMENTS = AppForgeWidgets.entitlements;
				CODE_SIGN_STYLE = Automatic;
				CURRENT_PROJECT_VERSION = 1;
				DEVELOPMENT_TEAM = KBARKL93BR;
				GENERATE_INFOPLIST_FILE = YES;
				INFOPLIST_FILE = "Widgets-Info.plist";
				INFOPLIST_KEY_CFBundleDisplayName = "AppForge Widgets";
				IPHONEOS_DEPLOYMENT_TARGET = 18.0;
				LD_RUNPATH_SEARCH_PATHS = (
					"$(inherited)",
					"@executable_path/Frameworks",
					"@executable_path/../../Frameworks",
				);
				MARKETING_VERSION = 0.1;
				PRODUCT_BUNDLE_IDENTIFIER = com.captureworks.AppForge.Companion.Widgets;
				PRODUCT_NAME = "$(TARGET_NAME)";
				SKIP_INSTALL = YES;
				SUPPORTED_PLATFORMS = "iphoneos iphonesimulator";
				SUPPORTS_MACCATALYST = NO;
				SWIFT_APPROACHABLE_CONCURRENCY = YES;
				SWIFT_EMIT_LOC_STRINGS = YES;
				SWIFT_VERSION = 6.0;
				TARGETED_DEVICE_FAMILY = 1;
			};
			name = Debug;
		};
		B10000000000000000000082 /* Release */ = {
			isa = XCBuildConfiguration;
			buildSettings = {
				CODE_SIGN_ENTITLEMENTS = AppForgeWidgets.entitlements;
				CODE_SIGN_STYLE = Automatic;
				CURRENT_PROJECT_VERSION = 1;
				DEVELOPMENT_TEAM = KBARKL93BR;
				GENERATE_INFOPLIST_FILE = YES;
				INFOPLIST_FILE = "Widgets-Info.plist";
				INFOPLIST_KEY_CFBundleDisplayName = "AppForge Widgets";
				IPHONEOS_DEPLOYMENT_TARGET = 18.0;
				LD_RUNPATH_SEARCH_PATHS = (
					"$(inherited)",
					"@executable_path/Frameworks",
					"@executable_path/../../Frameworks",
				);
				MARKETING_VERSION = 0.1;
				PRODUCT_BUNDLE_IDENTIFIER = com.captureworks.AppForge.Companion.Widgets;
				PRODUCT_NAME = "$(TARGET_NAME)";
				SKIP_INSTALL = YES;
				SUPPORTED_PLATFORMS = "iphoneos iphonesimulator";
				SUPPORTS_MACCATALYST = NO;
				SWIFT_APPROACHABLE_CONCURRENCY = YES;
				SWIFT_EMIT_LOC_STRINGS = YES;
				SWIFT_VERSION = 6.0;
				TARGETED_DEVICE_FAMILY = 1;
			};
			name = Release;
		};
		B100000000000000000000C71 /* Debug */ = {
			isa = XCBuildConfiguration;
			buildSettings = {
				ASSETCATALOG_COMPILER_APPICON_NAME = AppIcon;
				ASSETCATALOG_COMPILER_GLOBAL_ACCENT_COLOR_NAME = AccentColor;
				CODE_SIGN_ENTITLEMENTS = AppForgeWatch.entitlements;
				CODE_SIGN_STYLE = Automatic;
				CURRENT_PROJECT_VERSION = 1;
				DEVELOPMENT_TEAM = KBARKL93BR;
				GENERATE_INFOPLIST_FILE = YES;
				INFOPLIST_KEY_CFBundleDisplayName = AppForge;
				INFOPLIST_KEY_UISupportedInterfaceOrientations = "UIInterfaceOrientationPortrait UIInterfaceOrientationPortraitUpsideDown";
				INFOPLIST_KEY_WKCompanionAppBundleIdentifier = com.captureworks.AppForge.Companion;
				INFOPLIST_KEY_WKRunsIndependentlyOfCompanionApp = NO;
				LD_RUNPATH_SEARCH_PATHS = (
					"$(inherited)",
					"@executable_path/Frameworks",
				);
				MARKETING_VERSION = 0.1;
				PRODUCT_BUNDLE_IDENTIFIER = com.captureworks.AppForge.Companion.watchkitapp;
				PRODUCT_NAME = "$(TARGET_NAME)";
				SDKROOT = watchos;
				SKIP_INSTALL = YES;
				SUPPORTED_PLATFORMS = "watchos watchsimulator";
				SWIFT_APPROACHABLE_CONCURRENCY = YES;
				SWIFT_EMIT_LOC_STRINGS = YES;
				SWIFT_VERSION = 6.0;
				TARGETED_DEVICE_FAMILY = 4;
				WATCHOS_DEPLOYMENT_TARGET = 11.0;
			};
			name = Debug;
		};
		B100000000000000000000C72 /* Release */ = {
			isa = XCBuildConfiguration;
			buildSettings = {
				ASSETCATALOG_COMPILER_APPICON_NAME = AppIcon;
				ASSETCATALOG_COMPILER_GLOBAL_ACCENT_COLOR_NAME = AccentColor;
				CODE_SIGN_ENTITLEMENTS = AppForgeWatch.entitlements;
				CODE_SIGN_STYLE = Automatic;
				CURRENT_PROJECT_VERSION = 1;
				DEVELOPMENT_TEAM = KBARKL93BR;
				GENERATE_INFOPLIST_FILE = YES;
				INFOPLIST_KEY_CFBundleDisplayName = AppForge;
				INFOPLIST_KEY_UISupportedInterfaceOrientations = "UIInterfaceOrientationPortrait UIInterfaceOrientationPortraitUpsideDown";
				INFOPLIST_KEY_WKCompanionAppBundleIdentifier = com.captureworks.AppForge.Companion;
				INFOPLIST_KEY_WKRunsIndependentlyOfCompanionApp = NO;
				LD_RUNPATH_SEARCH_PATHS = (
					"$(inherited)",
					"@executable_path/Frameworks",
				);
				MARKETING_VERSION = 0.1;
				PRODUCT_BUNDLE_IDENTIFIER = com.captureworks.AppForge.Companion.watchkitapp;
				PRODUCT_NAME = "$(TARGET_NAME)";
				SDKROOT = watchos;
				SKIP_INSTALL = YES;
				SUPPORTED_PLATFORMS = "watchos watchsimulator";
				SWIFT_APPROACHABLE_CONCURRENCY = YES;
				SWIFT_EMIT_LOC_STRINGS = YES;
				SWIFT_VERSION = 6.0;
				TARGETED_DEVICE_FAMILY = 4;
				WATCHOS_DEPLOYMENT_TARGET = 11.0;
			};
			name = Release;
		};
		B100000000000000000000C81 /* Debug */ = {
			isa = XCBuildConfiguration;
			buildSettings = {
				CODE_SIGN_ENTITLEMENTS = AppForgeWatchWidgets.entitlements;
				CODE_SIGN_STYLE = Automatic;
				CURRENT_PROJECT_VERSION = 1;
				DEVELOPMENT_TEAM = KBARKL93BR;
				GENERATE_INFOPLIST_FILE = YES;
				INFOPLIST_FILE = "WatchWidgets-Info.plist";
				INFOPLIST_KEY_CFBundleDisplayName = "AppForge Komplikationen";
				LD_RUNPATH_SEARCH_PATHS = (
					"$(inherited)",
					"@executable_path/Frameworks",
					"@executable_path/../../Frameworks",
				);
				MARKETING_VERSION = 0.1;
				PRODUCT_BUNDLE_IDENTIFIER = com.captureworks.AppForge.Companion.watchkitapp.widgets;
				PRODUCT_NAME = "$(TARGET_NAME)";
				SDKROOT = watchos;
				SKIP_INSTALL = YES;
				SUPPORTED_PLATFORMS = "watchos watchsimulator";
				SWIFT_APPROACHABLE_CONCURRENCY = YES;
				SWIFT_EMIT_LOC_STRINGS = YES;
				SWIFT_VERSION = 6.0;
				TARGETED_DEVICE_FAMILY = 4;
				WATCHOS_DEPLOYMENT_TARGET = 11.0;
			};
			name = Debug;
		};
		B100000000000000000000C82 /* Release */ = {
			isa = XCBuildConfiguration;
			buildSettings = {
				CODE_SIGN_ENTITLEMENTS = AppForgeWatchWidgets.entitlements;
				CODE_SIGN_STYLE = Automatic;
				CURRENT_PROJECT_VERSION = 1;
				DEVELOPMENT_TEAM = KBARKL93BR;
				GENERATE_INFOPLIST_FILE = YES;
				INFOPLIST_FILE = "WatchWidgets-Info.plist";
				INFOPLIST_KEY_CFBundleDisplayName = "AppForge Komplikationen";
				LD_RUNPATH_SEARCH_PATHS = (
					"$(inherited)",
					"@executable_path/Frameworks",
					"@executable_path/../../Frameworks",
				);
				MARKETING_VERSION = 0.1;
				PRODUCT_BUNDLE_IDENTIFIER = com.captureworks.AppForge.Companion.watchkitapp.widgets;
				PRODUCT_NAME = "$(TARGET_NAME)";
				SDKROOT = watchos;
				SKIP_INSTALL = YES;
				SUPPORTED_PLATFORMS = "watchos watchsimulator";
				SWIFT_APPROACHABLE_CONCURRENCY = YES;
				SWIFT_EMIT_LOC_STRINGS = YES;
				SWIFT_VERSION = 6.0;
				TARGETED_DEVICE_FAMILY = 4;
				WATCHOS_DEPLOYMENT_TARGET = 11.0;
			};
			name = Release;
		};
/* End XCBuildConfiguration section */

/* Begin XCConfigurationList section */
		B10000000000000000000060 /* Build configuration list for PBXProject "AppForgeCompanion" */ = {
			isa = XCConfigurationList;
			buildConfigurations = (
				B10000000000000000000061 /* Debug */,
				B10000000000000000000062 /* Release */,
			);
			defaultConfigurationIsVisible = 0;
			defaultConfigurationName = Release;
		};
		B10000000000000000000070 /* Build configuration list for PBXNativeTarget "AppForgeCompanion" */ = {
			isa = XCConfigurationList;
			buildConfigurations = (
				B10000000000000000000071 /* Debug */,
				B10000000000000000000072 /* Release */,
			);
			defaultConfigurationIsVisible = 0;
			defaultConfigurationName = Release;
		};
		B10000000000000000000080 /* Build configuration list for PBXNativeTarget "AppForgeWidgets" */ = {
			isa = XCConfigurationList;
			buildConfigurations = (
				B10000000000000000000081 /* Debug */,
				B10000000000000000000082 /* Release */,
			);
			defaultConfigurationIsVisible = 0;
			defaultConfigurationName = Release;
		};
		B100000000000000000000C70 /* Build configuration list for PBXNativeTarget "AppForgeWatch" */ = {
			isa = XCConfigurationList;
			buildConfigurations = (
				B100000000000000000000C71 /* Debug */,
				B100000000000000000000C72 /* Release */,
			);
			defaultConfigurationIsVisible = 0;
			defaultConfigurationName = Release;
		};
		B100000000000000000000C80 /* Build configuration list for PBXNativeTarget "AppForgeWatchWidgets" */ = {
			isa = XCConfigurationList;
			buildConfigurations = (
				B100000000000000000000C81 /* Debug */,
				B100000000000000000000C82 /* Release */,
			);
			defaultConfigurationIsVisible = 0;
			defaultConfigurationName = Release;
		};
/* End XCConfigurationList section */
	};
	rootObject = B10000000000000000000050 /* Project object */;
}
